
Microsoft Visual Studio Solution File, Format Version 12.00
# Visual Studio Version 16
VisualStudioVersion = 16.0.29926.136
MinimumVisualStudioVersion = 10.0.40219.1
Project("{9A19103F-16F7-4668-BE54-9A1E7A4F7556}") = "AnyTest.Model", "AnyTest.Model\AnyTest.Model.csproj", "{547D24A3-C58B-4CF6-A580-EE09D9DAAD10}"
EndProject
Project("{9A19103F-16F7-4668-BE54-9A1E7A4F7556}") = "AnyTest.ResourceLibrary", "AnyTest.ResourceLibrary\AnyTest.ResourceLibrary.csproj", "{30237DC8-9BFF-4C37-9DB0-8A6DE1562ADA}"
EndProject
Project("{9A19103F-16F7-4668-BE54-9A1E7A4F7556}") = "AnyTest.DataService", "AnyTest.DataService\AnyTest.DataService.csproj", "{B9077A18-1118-4548-89CE-D94510D19B75}"
EndProject
Project("{9A19103F-16F7-4668-BE54-9A1E7A4F7556}") = "AnyTest.DbAccess", "AnyTest.DbAccess\AnyTest.DbAccess.csproj", "{821DC85D-558F-4BAE-AD4F-6040CDBBF31A}"
EndProject
Project("{9A19103F-16F7-4668-BE54-9A1E7A4F7556}") = "AnyTest.WebClient", "AnyTest.WebClient\AnyTest.WebClient.csproj", "{3A3BF57B-2DAF-4CC7-B444-821B197FE79E}"
EndProject
Project("{9A19103F-16F7-4668-BE54-9A1E7A4F7556}") = "AnyTest.IDataRepository", "AnyTest.IDataRepository\AnyTest.IDataRepository.csproj", "{628D318D-EF8B-4EE7-B75B-11053FFA6E7A}"
EndProject
Project("{9A19103F-16F7-4668-BE54-9A1E7A4F7556}") = "AnyTest.MSSQLNetCoreDataRepository", "AnyTest.MSSQLNetCoreDataRepository\AnyTest.MSSQLNetCoreDataRepository.csproj", "{DE8FDB1C-2486-4716-BA3F-9CBBD1E3334A}"
EndProject
Project("{9A19103F-16F7-4668-BE54-9A1E7A4F7556}") = "AnyTest.ClientAuthentication", "AnyTest.ClientAuthentication\AnyTest.ClientAuthentication.csproj", "{E02C08D3-B2D6-4F87-9DB3-C080DD935FDA}"
EndProject
Project("{9A19103F-16F7-4668-BE54-9A1E7A4F7556}") = "AnyTest.MobileClient", "AnyTest.MobileClient\AnyTest.MobileClient\AnyTest.MobileClient.csproj", "{CD122FD1-0136-4308-8089-F208BFF82021}"
EndProject
Project("{FAE04EC0-301F-11D3-BF4B-00C04F79EFBC}") = "AnyTest.MobileClient.Android", "AnyTest.MobileClient\AnyTest.MobileClient.Android\AnyTest.MobileClient.Android.csproj", "{D1F87E88-400F-4702-96D2-F3BE45B861DB}"
EndProject
Project("{FAE04EC0-301F-11D3-BF4B-00C04F79EFBC}") = "AnyTest.MobileClient.iOS", "AnyTest.MobileClient\AnyTest.MobileClient.iOS\AnyTest.MobileClient.iOS.csproj", "{6647F3BA-2A5A-45B4-A36F-BE45AB7CCF43}"
EndProject
Project("{9A19103F-16F7-4668-BE54-9A1E7A4F7556}") = "AnyTest.DataService.Tests", "AnyTest.DataService.Tests\AnyTest.DataService.Tests.csproj", "{34DAD3DB-CCF9-4C0F-BAA4-5DAA35386BC2}"
EndProject
Global
	GlobalSection(SolutionConfigurationPlatforms) = preSolution
		Debug|Any CPU = Debug|Any CPU
		Debug|iPhone = Debug|iPhone
		Debug|iPhoneSimulator = Debug|iPhoneSimulator
		Release|Any CPU = Release|Any CPU
		Release|iPhone = Release|iPhone
		Release|iPhoneSimulator = Release|iPhoneSimulator
	EndGlobalSection
	GlobalSection(ProjectConfigurationPlatforms) = postSolution
		{547D24A3-C58B-4CF6-A580-EE09D9DAAD10}.Debug|Any CPU.ActiveCfg = Debug|Any CPU
		{547D24A3-C58B-4CF6-A580-EE09D9DAAD10}.Debug|Any CPU.Build.0 = Debug|Any CPU
		{547D24A3-C58B-4CF6-A580-EE09D9DAAD10}.Debug|iPhone.ActiveCfg = Debug|Any CPU
		{547D24A3-C58B-4CF6-A580-EE09D9DAAD10}.Debug|iPhone.Build.0 = Debug|Any CPU
		{547D24A3-C58B-4CF6-A580-EE09D9DAAD10}.Debug|iPhoneSimulator.ActiveCfg = Debug|Any CPU
		{547D24A3-C58B-4CF6-A580-EE09D9DAAD10}.Debug|iPhoneSimulator.Build.0 = Debug|Any CPU
		{547D24A3-C58B-4CF6-A580-EE09D9DAAD10}.Release|Any CPU.ActiveCfg = Release|Any CPU
		{547D24A3-C58B-4CF6-A580-EE09D9DAAD10}.Release|Any CPU.Build.0 = Release|Any CPU
		{547D24A3-C58B-4CF6-A580-EE09D9DAAD10}.Release|iPhone.ActiveCfg = Release|Any CPU
		{547D24A3-C58B-4CF6-A580-EE09D9DAAD10}.Release|iPhone.Build.0 = Release|Any CPU
		{547D24A3-C58B-4CF6-A580-EE09D9DAAD10}.Release|iPhoneSimulator.ActiveCfg = Release|Any CPU
		{547D24A3-C58B-4CF6-A580-EE09D9DAAD10}.Release|iPhoneSimulator.Build.0 = Release|Any CPU
		{30237DC8-9BFF-4C37-9DB0-8A6DE1562ADA}.Debug|Any CPU.ActiveCfg = Debug|Any CPU
		{30237DC8-9BFF-4C37-9DB0-8A6DE1562ADA}.Debug|Any CPU.Build.0 = Debug|Any CPU
		{30237DC8-9BFF-4C37-9DB0-8A6DE1562ADA}.Debug|iPhone.ActiveCfg = Debug|Any CPU
		{30237DC8-9BFF-4C37-9DB0-8A6DE1562ADA}.Debug|iPhone.Build.0 = Debug|Any CPU
		{30237DC8-9BFF-4C37-9DB0-8A6DE1562ADA}.Debug|iPhoneSimulator.ActiveCfg = Debug|Any CPU
		{30237DC8-9BFF-4C37-9DB0-8A6DE1562ADA}.Debug|iPhoneSimulator.Build.0 = Debug|Any CPU
		{30237DC8-9BFF-4C37-9DB0-8A6DE1562ADA}.Release|Any CPU.ActiveCfg = Release|Any CPU
		{30237DC8-9BFF-4C37-9DB0-8A6DE1562ADA}.Release|Any CPU.Build.0 = Release|Any CPU
		{30237DC8-9BFF-4C37-9DB0-8A6DE1562ADA}.Release|iPhone.ActiveCfg = Release|Any CPU
		{30237DC8-9BFF-4C37-9DB0-8A6DE1562ADA}.Release|iPhone.Build.0 = Release|Any CPU
		{30237DC8-9BFF-4C37-9DB0-8A6DE1562ADA}.Release|iPhoneSimulator.ActiveCfg = Release|Any CPU
		{30237DC8-9BFF-4C37-9DB0-8A6DE1562ADA}.Release|iPhoneSimulator.Build.0 = Release|Any CPU
		{B9077A18-1118-4548-89CE-D94510D19B75}.Debug|Any CPU.ActiveCfg = Debug|Any CPU
		{B9077A18-1118-4548-89CE-D94510D19B75}.Debug|Any CPU.Build.0 = Debug|Any CPU
		{B9077A18-1118-4548-89CE-D94510D19B75}.Debug|iPhone.ActiveCfg = Debug|Any CPU
		{B9077A18-1118-4548-89CE-D94510D19B75}.Debug|iPhone.Build.0 = Debug|Any CPU
		{B9077A18-1118-4548-89CE-D94510D19B75}.Debug|iPhoneSimulator.ActiveCfg = Debug|Any CPU
		{B9077A18-1118-4548-89CE-D94510D19B75}.Debug|iPhoneSimulator.Build.0 = Debug|Any CPU
		{B9077A18-1118-4548-89CE-D94510D19B75}.Release|Any CPU.ActiveCfg = Release|Any CPU
		{B9077A18-1118-4548-89CE-D94510D19B75}.Release|Any CPU.Build.0 = Release|Any CPU
		{B9077A18-1118-4548-89CE-D94510D19B75}.Release|iPhone.ActiveCfg = Release|Any CPU
		{B9077A18-1118-4548-89CE-D94510D19B75}.Release|iPhone.Build.0 = Release|Any CPU
		{B9077A18-1118-4548-89CE-D94510D19B75}.Release|iPhoneSimulator.ActiveCfg = Release|Any CPU
		{B9077A18-1118-4548-89CE-D94510D19B75}.Release|iPhoneSimulator.Build.0 = Release|Any CPU
		{821DC85D-558F-4BAE-AD4F-6040CDBBF31A}.Debug|Any CPU.ActiveCfg = Debug|Any CPU
		{821DC85D-558F-4BAE-AD4F-6040CDBBF31A}.Debug|Any CPU.Build.0 = Debug|Any CPU
		{821DC85D-558F-4BAE-AD4F-6040CDBBF31A}.Debug|iPhone.ActiveCfg = Debug|Any CPU
		{821DC85D-558F-4BAE-AD4F-6040CDBBF31A}.Debug|iPhone.Build.0 = Debug|Any CPU
		{821DC85D-558F-4BAE-AD4F-6040CDBBF31A}.Debug|iPhoneSimulator.ActiveCfg = Debug|Any CPU
		{821DC85D-558F-4BAE-AD4F-6040CDBBF31A}.Debug|iPhoneSimulator.Build.0 = Debug|Any CPU
		{821DC85D-558F-4BAE-AD4F-6040CDBBF31A}.Release|Any CPU.ActiveCfg = Release|Any CPU
		{821DC85D-558F-4BAE-AD4F-6040CDBBF31A}.Release|Any CPU.Build.0 = Release|Any CPU
		{821DC85D-558F-4BAE-AD4F-6040CDBBF31A}.Release|iPhone.ActiveCfg = Release|Any CPU
		{821DC85D-558F-4BAE-AD4F-6040CDBBF31A}.Release|iPhone.Build.0 = Release|Any CPU
		{821DC85D-558F-4BAE-AD4F-6040CDBBF31A}.Release|iPhoneSimulator.ActiveCfg = Release|Any CPU
		{821DC85D-558F-4BAE-AD4F-6040CDBBF31A}.Release|iPhoneSimulator.Build.0 = Release|Any CPU
		{3A3BF57B-2DAF-4CC7-B444-821B197FE79E}.Debug|Any CPU.ActiveCfg = Debug|Any CPU
		{3A3BF57B-2DAF-4CC7-B444-821B197FE79E}.Debug|Any CPU.Build.0 = Debug|Any CPU
		{3A3BF57B-2DAF-4CC7-B444-821B197FE79E}.Debug|iPhone.ActiveCfg = Debug|Any CPU
		{3A3BF57B-2DAF-4CC7-B444-821B197FE79E}.Debug|iPhone.Build.0 = Debug|Any CPU
		{3A3BF57B-2DAF-4CC7-B444-821B197FE79E}.Debug|iPhoneSimulator.ActiveCfg = Debug|Any CPU
		{3A3BF57B-2DAF-4CC7-B444-821B197FE79E}.Debug|iPhoneSimulator.Build.0 = Debug|Any CPU
		{3A3BF57B-2DAF-4CC7-B444-821B197FE79E}.Release|Any CPU.ActiveCfg = Release|Any CPU
		{3A3BF57B-2DAF-4CC7-B444-821B197FE79E}.Release|Any CPU.Build.0 = Release|Any CPU
		{3A3BF57B-2DAF-4CC7-B444-821B197FE79E}.Release|iPhone.ActiveCfg = Release|Any CPU
		{3A3BF57B-2DAF-4CC7-B444-821B197FE79E}.Release|iPhone.Build.0 = Release|Any CPU
		{3A3BF57B-2DAF-4CC7-B444-821B197FE79E}.Release|iPhoneSimulator.ActiveCfg = Release|Any CPU
		{3A3BF57B-2DAF-4CC7-B444-821B197FE79E}.Release|iPhoneSimulator.Build.0 = Release|Any CPU
		{628D318D-EF8B-4EE7-B75B-11053FFA6E7A}.Debug|Any CPU.ActiveCfg = Debug|Any CPU
		{628D318D-EF8B-4EE7-B75B-11053FFA6E7A}.Debug|Any CPU.Build.0 = Debug|Any CPU
		{628D318D-EF8B-4EE7-B75B-11053FFA6E7A}.Debug|iPhone.ActiveCfg = Debug|Any CPU
		{628D318D-EF8B-4EE7-B75B-11053FFA6E7A}.Debug|iPhone.Build.0 = Debug|Any CPU
		{628D318D-EF8B-4EE7-B75B-11053FFA6E7A}.Debug|iPhoneSimulator.ActiveCfg = Debug|Any CPU
		{628D318D-EF8B-4EE7-B75B-11053FFA6E7A}.Debug|iPhoneSimulator.Build.0 = Debug|Any CPU
		{628D318D-EF8B-4EE7-B75B-11053FFA6E7A}.Release|Any CPU.ActiveCfg = Release|Any CPU
		{628D318D-EF8B-4EE7-B75B-11053FFA6E7A}.Release|Any CPU.Build.0 = Release|Any CPU
		{628D318D-EF8B-4EE7-B75B-11053FFA6E7A}.Release|iPhone.ActiveCfg = Release|Any CPU
		{628D318D-EF8B-4EE7-B75B-11053FFA6E7A}.Release|iPhone.Build.0 = Release|Any CPU
		{628D318D-EF8B-4EE7-B75B-11053FFA6E7A}.Release|iPhoneSimulator.ActiveCfg = Release|Any CPU
		{628D318D-EF8B-4EE7-B75B-11053FFA6E7A}.Release|iPhoneSimulator.Build.0 = Release|Any CPU
		{DE8FDB1C-2486-4716-BA3F-9CBBD1E3334A}.Debug|Any CPU.ActiveCfg = Debug|Any CPU
		{DE8FDB1C-2486-4716-BA3F-9CBBD1E3334A}.Debug|Any CPU.Build.0 = Debug|Any CPU
		{DE8FDB1C-2486-4716-BA3F-9CBBD1E3334A}.Debug|iPhone.ActiveCfg = Debug|Any CPU
		{DE8FDB1C-2486-4716-BA3F-9CBBD1E3334A}.Debug|iPhone.Build.0 = Debug|Any CPU
		{DE8FDB1C-2486-4716-BA3F-9CBBD1E3334A}.Debug|iPhoneSimulator.ActiveCfg = Debug|Any CPU
		{DE8FDB1C-2486-4716-BA3F-9CBBD1E3334A}.Debug|iPhoneSimulator.Build.0 = Debug|Any CPU
		{DE8FDB1C-2486-4716-BA3F-9CBBD1E3334A}.Release|Any CPU.ActiveCfg = Release|Any CPU
		{DE8FDB1C-2486-4716-BA3F-9CBBD1E3334A}.Release|Any CPU.Build.0 = Release|Any CPU
		{DE8FDB1C-2486-4716-BA3F-9CBBD1E3334A}.Release|iPhone.ActiveCfg = Release|Any CPU
		{DE8FDB1C-2486-4716-BA3F-9CBBD1E3334A}.Release|iPhone.Build.0 = Release|Any CPU
		{DE8FDB1C-2486-4716-BA3F-9CBBD1E3334A}.Release|iPhoneSimulator.ActiveCfg = Release|Any CPU
		{DE8FDB1C-2486-4716-BA3F-9CBBD1E3334A}.Release|iPhoneSimulator.Build.0 = Release|Any CPU
		{E02C08D3-B2D6-4F87-9DB3-C080DD935FDA}.Debug|Any CPU.ActiveCfg = Debug|Any CPU
		{E02C08D3-B2D6-4F87-9DB3-C080DD935FDA}.Debug|Any CPU.Build.0 = Debug|Any CPU
		{E02C08D3-B2D6-4F87-9DB3-C080DD935FDA}.Debug|iPhone.ActiveCfg = Debug|Any CPU
		{E02C08D3-B2D6-4F87-9DB3-C080DD935FDA}.Debug|iPhone.Build.0 = Debug|Any CPU
		{E02C08D3-B2D6-4F87-9DB3-C080DD935FDA}.Debug|iPhoneSimulator.ActiveCfg = Debug|Any CPU
		{E02C08D3-B2D6-4F87-9DB3-C080DD935FDA}.Debug|iPhoneSimulator.Build.0 = Debug|Any CPU
		{E02C08D3-B2D6-4F87-9DB3-C080DD935FDA}.Release|Any CPU.ActiveCfg = Release|Any CPU
		{E02C08D3-B2D6-4F87-9DB3-C080DD935FDA}.Release|Any CPU.Build.0 = Release|Any CPU
		{E02C08D3-B2D6-4F87-9DB3-C080DD935FDA}.Release|iPhone.ActiveCfg = Release|Any CPU
		{E02C08D3-B2D6-4F87-9DB3-C080DD935FDA}.Release|iPhone.Build.0 = Release|Any CPU
		{E02C08D3-B2D6-4F87-9DB3-C080DD935FDA}.Release|iPhoneSimulator.ActiveCfg = Release|Any CPU
		{E02C08D3-B2D6-4F87-9DB3-C080DD935FDA}.Release|iPhoneSimulator.Build.0 = Release|Any CPU
		{CD122FD1-0136-4308-8089-F208BFF82021}.Debug|Any CPU.ActiveCfg = Debug|Any CPU
		{CD122FD1-0136-4308-8089-F208BFF82021}.Debug|Any CPU.Build.0 = Debug|Any CPU
		{CD122FD1-0136-4308-8089-F208BFF82021}.Debug|iPhone.ActiveCfg = Debug|Any CPU
		{CD122FD1-0136-4308-8089-F208BFF82021}.Debug|iPhone.Build.0 = Debug|Any CPU
		{CD122FD1-0136-4308-8089-F208BFF82021}.Debug|iPhoneSimulator.ActiveCfg = Debug|Any CPU
		{CD122FD1-0136-4308-8089-F208BFF82021}.Debug|iPhoneSimulator.Build.0 = Debug|Any CPU
		{CD122FD1-0136-4308-8089-F208BFF82021}.Release|Any CPU.ActiveCfg = Release|Any CPU
		{CD122FD1-0136-4308-8089-F208BFF82021}.Release|Any CPU.Build.0 = Release|Any CPU
		{CD122FD1-0136-4308-8089-F208BFF82021}.Release|iPhone.ActiveCfg = Release|Any CPU
		{CD122FD1-0136-4308-8089-F208BFF82021}.Release|iPhone.Build.0 = Release|Any CPU
		{CD122FD1-0136-4308-8089-F208BFF82021}.Release|iPhoneSimulator.ActiveCfg = Release|Any CPU
		{CD122FD1-0136-4308-8089-F208BFF82021}.Release|iPhoneSimulator.Build.0 = Release|Any CPU
		{D1F87E88-400F-4702-96D2-F3BE45B861DB}.Debug|Any CPU.ActiveCfg = Debug|Any CPU
		{D1F87E88-400F-4702-96D2-F3BE45B861DB}.Debug|Any CPU.Build.0 = Debug|Any CPU
		{D1F87E88-400F-4702-96D2-F3BE45B861DB}.Debug|Any CPU.Deploy.0 = Debug|Any CPU
		{D1F87E88-400F-4702-96D2-F3BE45B861DB}.Debug|iPhone.ActiveCfg = Debug|Any CPU
		{D1F87E88-400F-4702-96D2-F3BE45B861DB}.Debug|iPhone.Build.0 = Debug|Any CPU
		{D1F87E88-400F-4702-96D2-F3BE45B861DB}.Debug|iPhone.Deploy.0 = Debug|Any CPU
		{D1F87E88-400F-4702-96D2-F3BE45B861DB}.Debug|iPhoneSimulator.ActiveCfg = Debug|Any CPU
		{D1F87E88-400F-4702-96D2-F3BE45B861DB}.Debug|iPhoneSimulator.Build.0 = Debug|Any CPU
		{D1F87E88-400F-4702-96D2-F3BE45B861DB}.Debug|iPhoneSimulator.Deploy.0 = Debug|Any CPU
		{D1F87E88-400F-4702-96D2-F3BE45B861DB}.Release|Any CPU.ActiveCfg = Release|Any CPU
		{D1F87E88-400F-4702-96D2-F3BE45B861DB}.Release|Any CPU.Build.0 = Release|Any CPU
		{D1F87E88-400F-4702-96D2-F3BE45B861DB}.Release|Any CPU.Deploy.0 = Release|Any CPU
		{D1F87E88-400F-4702-96D2-F3BE45B861DB}.Release|iPhone.ActiveCfg = Release|Any CPU
		{D1F87E88-400F-4702-96D2-F3BE45B861DB}.Release|iPhone.Build.0 = Release|Any CPU
		{D1F87E88-400F-4702-96D2-F3BE45B861DB}.Release|iPhone.Deploy.0 = Release|Any CPU
		{D1F87E88-400F-4702-96D2-F3BE45B861DB}.Release|iPhoneSimulator.ActiveCfg = Release|Any CPU
		{D1F87E88-400F-4702-96D2-F3BE45B861DB}.Release|iPhoneSimulator.Build.0 = Release|Any CPU
		{D1F87E88-400F-4702-96D2-F3BE45B861DB}.Release|iPhoneSimulator.Deploy.0 = Release|Any CPU
		{6647F3BA-2A5A-45B4-A36F-BE45AB7CCF43}.Debug|Any CPU.ActiveCfg = Debug|iPhone
		{6647F3BA-2A5A-45B4-A36F-BE45AB7CCF43}.Debug|iPhone.ActiveCfg = Debug|iPhone
		{6647F3BA-2A5A-45B4-A36F-BE45AB7CCF43}.Debug|iPhone.Build.0 = Debug|iPhone
		{6647F3BA-2A5A-45B4-A36F-BE45AB7CCF43}.Debug|iPhoneSimulator.ActiveCfg = Debug|iPhoneSimulator
		{6647F3BA-2A5A-45B4-A36F-BE45AB7CCF43}.Debug|iPhoneSimulator.Build.0 = Debug|iPhoneSimulator
		{6647F3BA-2A5A-45B4-A36F-BE45AB7CCF43}.Release|Any CPU.ActiveCfg = Release|iPhone
		{6647F3BA-2A5A-45B4-A36F-BE45AB7CCF43}.Release|iPhone.ActiveCfg = Release|iPhone
		{6647F3BA-2A5A-45B4-A36F-BE45AB7CCF43}.Release|iPhone.Build.0 = Release|iPhone
		{6647F3BA-2A5A-45B4-A36F-BE45AB7CCF43}.Release|iPhoneSimulator.ActiveCfg = Release|iPhoneSimulator
		{6647F3BA-2A5A-45B4-A36F-BE45AB7CCF43}.Release|iPhoneSimulator.Build.0 = Release|iPhoneSimulator
		{34DAD3DB-CCF9-4C0F-BAA4-5DAA35386BC2}.Debug|Any CPU.ActiveCfg = Debug|Any CPU
		{34DAD3DB-CCF9-4C0F-BAA4-5DAA35386BC2}.Debug|Any CPU.Build.0 = Debug|Any CPU
		{34DAD3DB-CCF9-4C0F-BAA4-5DAA35386BC2}.Debug|iPhone.ActiveCfg = Debug|Any CPU
		{34DAD3DB-CCF9-4C0F-BAA4-5DAA35386BC2}.Debug|iPhone.Build.0 = Debug|Any CPU
		{34DAD3DB-CCF9-4C0F-BAA4-5DAA35386BC2}.Debug|iPhoneSimulator.ActiveCfg = Debug|Any CPU
		{34DAD3DB-CCF9-4C0F-BAA4-5DAA35386BC2}.Debug|iPhoneSimulator.Build.0 = Debug|Any CPU
		{34DAD3DB-CCF9-4C0F-BAA4-5DAA35386BC2}.Release|Any CPU.ActiveCfg = Release|Any CPU
		{34DAD3DB-CCF9-4C0F-BAA4-5DAA35386BC2}.Release|Any CPU.Build.0 = Release|Any CPU
		{34DAD3DB-CCF9-4C0F-BAA4-5DAA35386BC2}.Release|iPhone.ActiveCfg = Release|Any CPU
		{34DAD3DB-CCF9-4C0F-BAA4-5DAA35386BC2}.Release|iPhone.Build.0 = Release|Any CPU
		{34DAD3DB-CCF9-4C0F-BAA4-5DAA35386BC2}.Release|iPhoneSimulator.ActiveCfg = Release|Any CPU
		{34DAD3DB-CCF9-4C0F-BAA4-5DAA35386BC2}.Release|iPhoneSimulator.Build.0 = Release|Any CPU
	EndGlobalSection
	GlobalSection(SolutionProperties) = preSolution
		HideSolutionNode = FALSE
	EndGlobalSection
	GlobalSection(ExtensibilityGlobals) = postSolution
		SolutionGuid = {3134D63C-9F11-48DC-A981-466260F071F5}
	EndGlobalSection
EndGlobal
