
Microsoft Visual Studio Solution File, Format Version 12.00
# Visual Studio Version 16
VisualStudioVersion = 16.0.29926.136
MinimumVisualStudioVersion = 10.0.40219.1
Project("{9A19103F-16F7-4668-BE54-9A1E7A4F7556}") = "AnyTest.Model", "AnyTest.Model\AnyTest.Model.csproj", "{547D24A3-C58B-4CF6-A580-EE09D9DAAD10}"
EndProject
Project("{9A19103F-16F7-4668-BE54-9A1E7A4F7556}") = "AnyTest.ResourceLibrary", "AnyTest.ResourceLibrary\AnyTest.ResourceLibrary.csproj", "{30237DC8-9BFF-4C37-9DB0-8A6DE1562ADA}"
EndProject
Project("{FAE04EC0-301F-11D3-BF4B-00C04F79EFBC}") = "AnyTest.WebClient", "AnyTest.WebClient\AnyTest.WebClient.csproj", "{890B117E-46AB-489C-8B5E-867FA8BDDFB1}"
EndProject
Project("{FAE04EC0-301F-11D3-BF4B-00C04F79EFBC}") = "AnyTest.DataService", "AnyTest.DataService\AnyTest.DataService.csproj", "{B9077A18-1118-4548-89CE-D94510D19B75}"
EndProject
Project("{FAE04EC0-301F-11D3-BF4B-00C04F79EFBC}") = "AnyTest.DbAccess", "AnyTest.DbAccess\AnyTest.DbAccess.csproj", "{821DC85D-558F-4BAE-AD4F-6040CDBBF31A}"
EndProject
Global
	GlobalSection(SolutionConfigurationPlatforms) = preSolution
		Debug|Any CPU = Debug|Any CPU
		Release|Any CPU = Release|Any CPU
	EndGlobalSection
	GlobalSection(ProjectConfigurationPlatforms) = postSolution
		{547D24A3-C58B-4CF6-A580-EE09D9DAAD10}.Debug|Any CPU.ActiveCfg = Debug|Any CPU
		{547D24A3-C58B-4CF6-A580-EE09D9DAAD10}.Debug|Any CPU.Build.0 = Debug|Any CPU
		{547D24A3-C58B-4CF6-A580-EE09D9DAAD10}.Release|Any CPU.ActiveCfg = Release|Any CPU
		{547D24A3-C58B-4CF6-A580-EE09D9DAAD10}.Release|Any CPU.Build.0 = Release|Any CPU
		{30237DC8-9BFF-4C37-9DB0-8A6DE1562ADA}.Debug|Any CPU.ActiveCfg = Debug|Any CPU
		{30237DC8-9BFF-4C37-9DB0-8A6DE1562ADA}.Debug|Any CPU.Build.0 = Debug|Any CPU
		{30237DC8-9BFF-4C37-9DB0-8A6DE1562ADA}.Release|Any CPU.ActiveCfg = Release|Any CPU
		{30237DC8-9BFF-4C37-9DB0-8A6DE1562ADA}.Release|Any CPU.Build.0 = Release|Any CPU
		{890B117E-46AB-489C-8B5E-867FA8BDDFB1}.Debug|Any CPU.ActiveCfg = Debug|Any CPU
		{890B117E-46AB-489C-8B5E-867FA8BDDFB1}.Debug|Any CPU.Build.0 = Debug|Any CPU
		{890B117E-46AB-489C-8B5E-867FA8BDDFB1}.Release|Any CPU.ActiveCfg = Release|Any CPU
		{890B117E-46AB-489C-8B5E-867FA8BDDFB1}.Release|Any CPU.Build.0 = Release|Any CPU
		{B9077A18-1118-4548-89CE-D94510D19B75}.Debug|Any CPU.ActiveCfg = Debug|Any CPU
		{B9077A18-1118-4548-89CE-D94510D19B75}.Debug|Any CPU.Build.0 = Debug|Any CPU
		{B9077A18-1118-4548-89CE-D94510D19B75}.Release|Any CPU.ActiveCfg = Release|Any CPU
		{B9077A18-1118-4548-89CE-D94510D19B75}.Release|Any CPU.Build.0 = Release|Any CPU
		{821DC85D-558F-4BAE-AD4F-6040CDBBF31A}.Debug|Any CPU.ActiveCfg = Debug|Any CPU
		{821DC85D-558F-4BAE-AD4F-6040CDBBF31A}.Debug|Any CPU.Build.0 = Debug|Any CPU
		{821DC85D-558F-4BAE-AD4F-6040CDBBF31A}.Release|Any CPU.ActiveCfg = Release|Any CPU
		{821DC85D-558F-4BAE-AD4F-6040CDBBF31A}.Release|Any CPU.Build.0 = Release|Any CPU
	EndGlobalSection
	GlobalSection(SolutionProperties) = preSolution
		HideSolutionNode = FALSE
	EndGlobalSection
	GlobalSection(ExtensibilityGlobals) = postSolution
		SolutionGuid = {3134D63C-9F11-48DC-A981-466260F071F5}
	EndGlobalSection
EndGlobal
